
Microsoft Visual Studio Solution File, Format Version 11.00
# Visual Studio 2010
Project("{FAE04EC0-301F-11D3-BF4B-00C04F79EFBC}") = "BlackJack", "BlackJack.csproj", "{7BA4D142-074F-4063-9018-B600E02FDA4A}"
EndProject
Global
	GlobalSection(SolutionConfigurationPlatforms) = preSolution
		Debug|x86 = Debug|x86
		Release|x86 = Release|x86
	EndGlobalSection
	GlobalSection(ProjectConfigurationPlatforms) = postSolution
		{7BA4D142-074F-4063-9018-B600E02FDA4A}.Debug|x86.ActiveCfg = Debug|x86
		{7BA4D142-074F-4063-9018-B600E02FDA4A}.Debug|x86.Build.0 = Debug|x86
		{7BA4D142-074F-4063-9018-B600E02FDA4A}.Release|x86.ActiveCfg = Release|x86
		{7BA4D142-074F-4063-9018-B600E02FDA4A}.Release|x86.Build.0 = Release|x86
	EndGlobalSection
	GlobalSection(MonoDevelopProperties) = preSolution
		StartupItem = BlackJack.csproj
	EndGlobalSection
EndGlobal
